
Microsoft Visual Studio Solution File, Format Version 12.00
# Visual Studio Version 17
VisualStudioVersion = 17.5.002.0
MinimumVisualStudioVersion = 10.0.40219.1
Project("{9A19103F-16F7-4668-BE54-9A1E7A4F7556}") = "mvc", "mvc.csproj", "{BEE79B14-B9FE-4F41-A77D-4146F2BC35D5}"
EndProject
Global
	GlobalSection(SolutionConfigurationPlatforms) = preSolution
		Debug|Any CPU = Debug|Any CPU
		Release|Any CPU = Release|Any CPU
	EndGlobalSection
	GlobalSection(ProjectConfigurationPlatforms) = postSolution
		{BEE79B14-B9FE-4F41-A77D-4146F2BC35D5}.Debug|Any CPU.ActiveCfg = Debug|Any CPU
		{BEE79B14-B9FE-4F41-A77D-4146F2BC35D5}.Debug|Any CPU.Build.0 = Debug|Any CPU
		{BEE79B14-B9FE-4F41-A77D-4146F2BC35D5}.Release|Any CPU.ActiveCfg = Release|Any CPU
		{BEE79B14-B9FE-4F41-A77D-4146F2BC35D5}.Release|Any CPU.Build.0 = Release|Any CPU
	EndGlobalSection
	GlobalSection(SolutionProperties) = preSolution
		HideSolutionNode = FALSE
	EndGlobalSection
	GlobalSection(ExtensibilityGlobals) = postSolution
		SolutionGuid = {178D616D-8FAD-474C-8F02-3EFBE737E0EF}
	EndGlobalSection
EndGlobal
